// !$*UTF8*$!
{
	archiveVersion = 1;
	classes = {
	};
	objectVersion = 51;
	objects = {

/* Begin PBXBuildFile section */
		2256053BCB09B180A6DB8491 /* libPods-FlutterMixProject.a in Frameworks */ = {isa = PBXBuildFile; fileRef = 597C230025A514DE7398D687 /* libPods-FlutterMixProject.a */; };
		4D2E1F7324BD9528007C5AD6 /* AppDelegate.m in Sources */ = {isa = PBXBuildFile; fileRef = 4D2E1F7224BD9528007C5AD6 /* AppDelegate.m */; };
		4D2E1F7624BD9528007C5AD6 /* SceneDelegate.m in Sources */ = {isa = PBXBuildFile; fileRef = 4D2E1F7524BD9528007C5AD6 /* SceneDelegate.m */; };
		4D2E1F7924BD9528007C5AD6 /* ViewController.m in Sources */ = {isa = PBXBuildFile; fileRef = 4D2E1F7824BD9528007C5AD6 /* ViewController.m */; };
		4D2E1F7C24BD9528007C5AD6 /* Main.storyboard in Resources */ = {isa = PBXBuildFile; fileRef = 4D2E1F7A24BD9528007C5AD6 /* Main.storyboard */; };
		4D2E1F7E24BD952B007C5AD6 /* Assets.xcassets in Resources */ = {isa = PBXBuildFile; fileRef = 4D2E1F7D24BD952B007C5AD6 /* Assets.xcassets */; };
		4D2E1F8124BD952B007C5AD6 /* LaunchScreen.storyboard in Resources */ = {isa = PBXBuildFile; fileRef = 4D2E1F7F24BD952B007C5AD6 /* LaunchScreen.storyboard */; };
		4D2E1F8424BD952B007C5AD6 /* main.m in Sources */ = {isa = PBXBuildFile; fileRef = 4D2E1F8324BD952B007C5AD6 /* main.m */; };
		4D2E1FB324BDE2C5007C5AD6 /* FirstNativeViewController.m in Sources */ = {isa = PBXBuildFile; fileRef = 4D2E1FB124BDE2C5007C5AD6 /* FirstNativeViewController.m */; };
		4D2E1FB424BDE2C5007C5AD6 /* FirstNativeViewController.xib in Resources */ = {isa = PBXBuildFile; fileRef = 4D2E1FB224BDE2C5007C5AD6 /* FirstNativeViewController.xib */; };
		4D2E1FB824BDE373007C5AD6 /* SecondNativeViewController.m in Sources */ = {isa = PBXBuildFile; fileRef = 4D2E1FB624BDE373007C5AD6 /* SecondNativeViewController.m */; };
		4D2E1FB924BDE373007C5AD6 /* SecondNativeViewController.xib in Resources */ = {isa = PBXBuildFile; fileRef = 4D2E1FB724BDE373007C5AD6 /* SecondNativeViewController.xib */; };
/* End PBXBuildFile section */

/* Begin PBXFileReference section */
		14D0AD08A6334AD8FC371039 /* Pods-FlutterMixProject.release.xcconfig */ = {isa = PBXFileReference; includeInIndex = 1; lastKnownFileType = text.xcconfig; name = "Pods-FlutterMixProject.release.xcconfig"; path = "Target Support Files/Pods-FlutterMixProject/Pods-FlutterMixProject.release.xcconfig"; sourceTree = "<group>"; };
		4D2E1F6E24BD9528007C5AD6 /* FlutterMixProject.app */ = {isa = PBXFileReference; explicitFileType = wrapper.application; includeInIndex = 0; path = FlutterMixProject.app; sourceTree = BUILT_PRODUCTS_DIR; };
		4D2E1F7124BD9528007C5AD6 /* AppDelegate.h */ = {isa = PBXFileReference; lastKnownFileType = sourcecode.c.h; path = AppDelegate.h; sourceTree = "<group>"; };
		4D2E1F7224BD9528007C5AD6 /* AppDelegate.m */ = {isa = PBXFileReference; lastKnownFileType = sourcecode.c.objc; path = AppDelegate.m; sourceTree = "<group>"; };
		4D2E1F7424BD9528007C5AD6 /* SceneDelegate.h */ = {isa = PBXFileReference; lastKnownFileType = sourcecode.c.h; path = SceneDelegate.h; sourceTree = "<group>"; };
		4D2E1F7524BD9528007C5AD6 /* SceneDelegate.m */ = {isa = PBXFileReference; lastKnownFileType = sourcecode.c.objc; path = SceneDelegate.m; sourceTree = "<group>"; };
		4D2E1F7724BD9528007C5AD6 /* ViewController.h */ = {isa = PBXFileReference; lastKnownFileType = sourcecode.c.h; path = ViewController.h; sourceTree = "<group>"; };
		4D2E1F7824BD9528007C5AD6 /* ViewController.m */ = {isa = PBXFileReference; lastKnownFileType = sourcecode.c.objc; path = ViewController.m; sourceTree = "<group>"; };
		4D2E1F7B24BD9528007C5AD6 /* Base */ = {isa = PBXFileReference; lastKnownFileType = file.storyboard; name = Base; path = Base.lproj/Main.storyboard; sourceTree = "<group>"; };
		4D2E1F7D24BD952B007C5AD6 /* Assets.xcassets */ = {isa = PBXFileReference; lastKnownFileType = folder.assetcatalog; path = Assets.xcassets; sourceTree = "<group>"; };
		4D2E1F8024BD952B007C5AD6 /* Base */ = {isa = PBXFileReference; lastKnownFileType = file.storyboard; name = Base; path = Base.lproj/LaunchScreen.storyboard; sourceTree = "<group>"; };
		4D2E1F8224BD952B007C5AD6 /* Info.plist */ = {isa = PBXFileReference; lastKnownFileType = text.plist.xml; path = Info.plist; sourceTree = "<group>"; };
		4D2E1F8324BD952B007C5AD6 /* main.m */ = {isa = PBXFileReference; lastKnownFileType = sourcecode.c.objc; path = main.m; sourceTree = "<group>"; };
		4D2E1FB024BDE2C5007C5AD6 /* FirstNativeViewController.h */ = {isa = PBXFileReference; lastKnownFileType = sourcecode.c.h; path = FirstNativeViewController.h; sourceTree = "<group>"; };
		4D2E1FB124BDE2C5007C5AD6 /* FirstNativeViewController.m */ = {isa = PBXFileReference; lastKnownFileType = sourcecode.c.objc; path = FirstNativeViewController.m; sourceTree = "<group>"; };
		4D2E1FB224BDE2C5007C5AD6 /* FirstNativeViewController.xib */ = {isa = PBXFileReference; lastKnownFileType = file.xib; path = FirstNativeViewController.xib; sourceTree = "<group>"; };
		4D2E1FB524BDE373007C5AD6 /* SecondNativeViewController.h */ = {isa = PBXFileReference; lastKnownFileType = sourcecode.c.h; path = SecondNativeViewController.h; sourceTree = "<group>"; };
		4D2E1FB624BDE373007C5AD6 /* SecondNativeViewController.m */ = {isa = PBXFileReference; lastKnownFileType = sourcecode.c.objc; path = SecondNativeViewController.m; sourceTree = "<group>"; };
		4D2E1FB724BDE373007C5AD6 /* SecondNativeViewController.xib */ = {isa = PBXFileReference; lastKnownFileType = file.xib; path = SecondNativeViewController.xib; sourceTree = "<group>"; };
		597C230025A514DE7398D687 /* libPods-FlutterMixProject.a */ = {isa = PBXFileReference; explicitFileType = archive.ar; includeInIndex = 0; path = "libPods-FlutterMixProject.a"; sourceTree = BUILT_PRODUCTS_DIR; };
		699DF7401E0476AA635BF966 /* Pods-FlutterMixProject.debug.xcconfig */ = {isa = PBXFileReference; includeInIndex = 1; lastKnownFileType = text.xcconfig; name = "Pods-FlutterMixProject.debug.xcconfig"; path = "Target Support Files/Pods-FlutterMixProject/Pods-FlutterMixProject.debug.xcconfig"; sourceTree = "<group>"; };
/* End PBXFileReference section */

/* Begin PBXFrameworksBuildPhase section */
		4D2E1F6B24BD9528007C5AD6 /* Frameworks */ = {
			isa = PBXFrameworksBuildPhase;
			buildActionMask = 2147483647;
			files = (
				2256053BCB09B180A6DB8491 /* libPods-FlutterMixProject.a in Frameworks */,
			);
			runOnlyForDeploymentPostprocessing = 0;
		};
/* End PBXFrameworksBuildPhase section */

/* Begin PBXGroup section */
		0C6E1658C943C7D75AEA0D3B /* Pods */ = {
			isa = PBXGroup;
			children = (
				699DF7401E0476AA635BF966 /* Pods-FlutterMixProject.debug.xcconfig */,
				14D0AD08A6334AD8FC371039 /* Pods-FlutterMixProject.release.xcconfig */,
			);
			path = Pods;
			sourceTree = "<group>";
		};
		4D2E1F6524BD9528007C5AD6 = {
			isa = PBXGroup;
			children = (
				4D2E1F7024BD9528007C5AD6 /* FlutterMixProject */,
				4D2E1F6F24BD9528007C5AD6 /* Products */,
				0C6E1658C943C7D75AEA0D3B /* Pods */,
				A33EAC6DCD858DF02731D38B /* Frameworks */,
			);
			sourceTree = "<group>";
		};
		4D2E1F6F24BD9528007C5AD6 /* Products */ = {
			isa = PBXGroup;
			children = (
				4D2E1F6E24BD9528007C5AD6 /* FlutterMixProject.app */,
			);
			name = Products;
			sourceTree = "<group>";
		};
		4D2E1F7024BD9528007C5AD6 /* FlutterMixProject */ = {
			isa = PBXGroup;
			children = (
				4D2E1F7124BD9528007C5AD6 /* AppDelegate.h */,
				4D2E1F7224BD9528007C5AD6 /* AppDelegate.m */,
				4D2E1F7424BD9528007C5AD6 /* SceneDelegate.h */,
				4D2E1F7524BD9528007C5AD6 /* SceneDelegate.m */,
				4D2E1F7724BD9528007C5AD6 /* ViewController.h */,
				4D2E1F7824BD9528007C5AD6 /* ViewController.m */,
				4D2E1FB024BDE2C5007C5AD6 /* FirstNativeViewController.h */,
				4D2E1FB124BDE2C5007C5AD6 /* FirstNativeViewController.m */,
				4D2E1FB224BDE2C5007C5AD6 /* FirstNativeViewController.xib */,
				4D2E1FB524BDE373007C5AD6 /* SecondNativeViewController.h */,
				4D2E1FB624BDE373007C5AD6 /* SecondNativeViewController.m */,
				4D2E1FB724BDE373007C5AD6 /* SecondNativeViewController.xib */,
				4D2E1F7A24BD9528007C5AD6 /* Main.storyboard */,
				4D2E1F7D24BD952B007C5AD6 /* Assets.xcassets */,
				4D2E1F7F24BD952B007C5AD6 /* LaunchScreen.storyboard */,
				4D2E1F8224BD952B007C5AD6 /* Info.plist */,
				4D2E1F8324BD952B007C5AD6 /* main.m */,
			);
			path = FlutterMixProject;
			sourceTree = "<group>";
		};
		A33EAC6DCD858DF02731D38B /* Frameworks */ = {
			isa = PBXGroup;
			children = (
				597C230025A514DE7398D687 /* libPods-FlutterMixProject.a */,
			);
			name = Frameworks;
			sourceTree = "<group>";
		};
/* End PBXGroup section */

/* Begin PBXNativeTarget section */
		4D2E1F6D24BD9528007C5AD6 /* FlutterMixProject */ = {
			isa = PBXNativeTarget;
			buildConfigurationList = 4D2E1F8724BD952B007C5AD6 /* Build configuration list for PBXNativeTarget "FlutterMixProject" */;
			buildPhases = (
				477A7C784267F825947148D5 /* [CP] Check Pods Manifest.lock */,
				71E1CFF38EBC86C198BC136E /* [CP-User] Run Flutter Build Script */,
				4D2E1F6A24BD9528007C5AD6 /* Sources */,
				4D2E1F6B24BD9528007C5AD6 /* Frameworks */,
				4D2E1F6C24BD9528007C5AD6 /* Resources */,
				0BED6032FF7CD20DFF4F4779 /* [CP] Embed Pods Frameworks */,
			);
			buildRules = (
			);
			dependencies = (
			);
			name = FlutterMixProject;
			productName = FlutterMixProject;
			productReference = 4D2E1F6E24BD9528007C5AD6 /* FlutterMixProject.app */;
			productType = "com.apple.product-type.application";
		};
/* End PBXNativeTarget section */

/* Begin PBXProject section */
		4D2E1F6624BD9528007C5AD6 /* Project object */ = {
			isa = PBXProject;
			attributes = {
				LastUpgradeCheck = 1150;
				ORGANIZATIONNAME = qihoo;
				TargetAttributes = {
					4D2E1F6D24BD9528007C5AD6 = {
						CreatedOnToolsVersion = 11.5;
					};
				};
			};
			buildConfigurationList = 4D2E1F6924BD9528007C5AD6 /* Build configuration list for PBXProject "FlutterMixProject" */;
			compatibilityVersion = "Xcode 9.3";
			developmentRegion = en;
			hasScannedForEncodings = 0;
			knownRegions = (
				en,
				Base,
			);
			mainGroup = 4D2E1F6524BD9528007C5AD6;
			productRefGroup = 4D2E1F6F24BD9528007C5AD6 /* Products */;
			projectDirPath = "";
			projectRoot = "";
			targets = (
				4D2E1F6D24BD9528007C5AD6 /* FlutterMixProject */,
			);
		};
/* End PBXProject section */

/* Begin PBXResourcesBuildPhase section */
		4D2E1F6C24BD9528007C5AD6 /* Resources */ = {
			isa = PBXResourcesBuildPhase;
			buildActionMask = 2147483647;
			files = (
				4D2E1FB424BDE2C5007C5AD6 /* FirstNativeViewController.xib in Resources */,
				4D2E1F8124BD952B007C5AD6 /* LaunchScreen.storyboard in Resources */,
				4D2E1F7E24BD952B007C5AD6 /* Assets.xcassets in Resources */,
				4D2E1FB924BDE373007C5AD6 /* SecondNativeViewController.xib in Resources */,
				4D2E1F7C24BD9528007C5AD6 /* Main.storyboard in Resources */,
			);
			runOnlyForDeploymentPostprocessing = 0;
		};
/* End PBXResourcesBuildPhase section */

/* Begin PBXShellScriptBuildPhase section */
		0BED6032FF7CD20DFF4F4779 /* [CP] Embed Pods Frameworks */ = {
			isa = PBXShellScriptBuildPhase;
			buildActionMask = 2147483647;
			files = (
			);
			inputFileListPaths = (
				"${PODS_ROOT}/Target Support Files/Pods-FlutterMixProject/Pods-FlutterMixProject-frameworks-${CONFIGURATION}-input-files.xcfilelist",
			);
			name = "[CP] Embed Pods Frameworks";
			outputFileListPaths = (
				"${PODS_ROOT}/Target Support Files/Pods-FlutterMixProject/Pods-FlutterMixProject-frameworks-${CONFIGURATION}-output-files.xcfilelist",
			);
			runOnlyForDeploymentPostprocessing = 0;
			shellPath = /bin/sh;
			shellScript = "\"${PODS_ROOT}/Target Support Files/Pods-FlutterMixProject/Pods-FlutterMixProject-frameworks.sh\"\n";
			showEnvVarsInLog = 0;
		};
		477A7C784267F825947148D5 /* [CP] Check Pods Manifest.lock */ = {
			isa = PBXShellScriptBuildPhase;
			buildActionMask = 2147483647;
			files = (
			);
			inputFileListPaths = (
			);
			inputPaths = (
				"${PODS_PODFILE_DIR_PATH}/Podfile.lock",
				"${PODS_ROOT}/Manifest.lock",
			);
			name = "[CP] Check Pods Manifest.lock";
			outputFileListPaths = (
			);
			outputPaths = (
				"$(DERIVED_FILE_DIR)/Pods-FlutterMixProject-checkManifestLockResult.txt",
			);
			runOnlyForDeploymentPostprocessing = 0;
			shellPath = /bin/sh;
			shellScript = "diff \"${PODS_PODFILE_DIR_PATH}/Podfile.lock\" \"${PODS_ROOT}/Manifest.lock\" > /dev/null\nif [ $? != 0 ] ; then\n    # print error to STDERR\n    echo \"error: The sandbox is not in sync with the Podfile.lock. Run 'pod install' or update your CocoaPods installation.\" >&2\n    exit 1\nfi\n# This output is used by Xcode 'outputs' to avoid re-running this script phase.\necho \"SUCCESS\" > \"${SCRIPT_OUTPUT_FILE_0}\"\n";
			showEnvVarsInLog = 0;
		};
		71E1CFF38EBC86C198BC136E /* [CP-User] Run Flutter Build Script */ = {
			isa = PBXShellScriptBuildPhase;
			buildActionMask = 2147483647;
			files = (
			);
			inputPaths = (
				"${SRCROOT}/../flutter_module/.metadata",
				"${SRCROOT}/../flutter_module/.ios/Flutter/App.framework/App",
				"${SRCROOT}/../flutter_module/.ios/Flutter/engine/Flutter.framework/Flutter",
				"${SRCROOT}/../flutter_module/.ios/Flutter/flutter_export_environment.sh",
			);
			name = "[CP-User] Run Flutter Build Script";
			runOnlyForDeploymentPostprocessing = 0;
			shellPath = /bin/sh;
			shellScript = "set -e\nset -u\nsource \"${SRCROOT}/../flutter_module/.ios/Flutter/flutter_export_environment.sh\"\n\"$FLUTTER_ROOT\"/packages/flutter_tools/bin/xcode_backend.sh build";
		};
/* End PBXShellScriptBuildPhase section */

/* Begin PBXSourcesBuildPhase section */
		4D2E1F6A24BD9528007C5AD6 /* Sources */ = {
			isa = PBXSourcesBuildPhase;
			buildActionMask = 2147483647;
			files = (
				4D2E1F7924BD9528007C5AD6 /* ViewController.m in Sources */,
				4D2E1FB824BDE373007C5AD6 /* SecondNativeViewController.m in Sources */,
				4D2E1F7324BD9528007C5AD6 /* AppDelegate.m in Sources */,
				4D2E1F8424BD952B007C5AD6 /* main.m in Sources */,
				4D2E1F7624BD9528007C5AD6 /* SceneDelegate.m in Sources */,
				4D2E1FB324BDE2C5007C5AD6 /* FirstNativeViewController.m in Sources */,
			);
			runOnlyForDeploymentPostprocessing = 0;
		};
/* End PBXSourcesBuildPhase section */

/* Begin PBXVariantGroup section */
		4D2E1F7A24BD9528007C5AD6 /* Main.storyboard */ = {
			isa = PBXVariantGroup;
			children = (
				4D2E1F7B24BD9528007C5AD6 /* Base */,
			);
			name = Main.storyboard;
			sourceTree = "<group>";
		};
		4D2E1F7F24BD952B007C5AD6 /* LaunchScreen.storyboard */ = {
			isa = PBXVariantGroup;
			children = (
				4D2E1F8024BD952B007C5AD6 /* Base */,
			);
			name = LaunchScreen.storyboard;
			sourceTree = "<group>";
		};
/* End PBXVariantGroup section */

/* Begin XCBuildConfiguration section */
		4D2E1F8524BD952B007C5AD6 /* Debug */ = {
			isa = XCBuildConfiguration;
			buildSettings = {
				ALWAYS_SEARCH_USER_PATHS = NO;
				CLANG_ANALYZER_NONNULL = YES;
				CLANG_ANALYZER_NUMBER_OBJECT_CONVERSION = YES_AGGRESSIVE;
				CLANG_CXX_LANGUAGE_STANDARD = "gnu++14";
				CLANG_CXX_LIBRARY = "libc++";
				CLANG_ENABLE_MODULES = YES;
				CLANG_ENABLE_OBJC_ARC = YES;
				CLANG_ENABLE_OBJC_WEAK = YES;
				CLANG_WARN_BLOCK_CAPTURE_AUTORELEASING = YES;
				CLANG_WARN_BOOL_CONVERSION = YES;
				CLANG_WARN_COMMA = YES;
				CLANG_WARN_CONSTANT_CONVERSION = YES;
				CLANG_WARN_DEPRECATED_OBJC_IMPLEMENTATIONS = YES;
				CLANG_WARN_DIRECT_OBJC_ISA_USAGE = YES_ERROR;
				CLANG_WARN_DOCUMENTATION_COMMENTS = YES;
				CLANG_WARN_EMPTY_BODY = YES;
				CLANG_WARN_ENUM_CONVERSION = YES;
				CLANG_WARN_INFINITE_RECURSION = YES;
				CLANG_WARN_INT_CONVERSION = YES;
				CLANG_WARN_NON_LITERAL_NULL_CONVERSION = YES;
				CLANG_WARN_OBJC_IMPLICIT_RETAIN_SELF = YES;
				CLANG_WARN_OBJC_LITERAL_CONVERSION = YES;
				CLANG_WARN_OBJC_ROOT_CLASS = YES_ERROR;
				CLANG_WARN_RANGE_LOOP_ANALYSIS = YES;
				CLANG_WARN_STRICT_PROTOTYPES = YES;
				CLANG_WARN_SUSPICIOUS_MOVE = YES;
				CLANG_WARN_UNGUARDED_AVAILABILITY = YES_AGGRESSIVE;
				CLANG_WARN_UNREACHABLE_CODE = YES;
				CLANG_WARN__DUPLICATE_METHOD_MATCH = YES;
				COPY_PHASE_STRIP = NO;
				DEBUG_INFORMATION_FORMAT = dwarf;
				ENABLE_STRICT_OBJC_MSGSEND = YES;
				ENABLE_TESTABILITY = YES;
				GCC_C_LANGUAGE_STANDARD = gnu11;
				GCC_DYNAMIC_NO_PIC = NO;
				GCC_NO_COMMON_BLOCKS = YES;
				GCC_OPTIMIZATION_LEVEL = 0;
				GCC_PREPROCESSOR_DEFINITIONS = (
					"DEBUG=1",
					"$(inherited)",
				);
				GCC_WARN_64_TO_32_BIT_CONVERSION = YES;
				GCC_WARN_ABOUT_RETURN_TYPE = YES_ERROR;
				GCC_WARN_UNDECLARED_SELECTOR = YES;
				GCC_WARN_UNINITIALIZED_AUTOS = YES_AGGRESSIVE;
				GCC_WARN_UNUSED_FUNCTION = YES;
				GCC_WARN_UNUSED_VARIABLE = YES;
				IPHONEOS_DEPLOYMENT_TARGET = 13.5;
				MTL_ENABLE_DEBUG_INFO = INCLUDE_SOURCE;
				MTL_FAST_MATH = YES;
				ONLY_ACTIVE_ARCH = YES;
				SDKROOT = iphoneos;
			};
			name = Debug;
		};
		4D2E1F8624BD952B007C5AD6 /* Release */ = {
			isa = XCBuildConfiguration;
			buildSettings = {
				ALWAYS_SEARCH_USER_PATHS = NO;
				CLANG_ANALYZER_NONNULL = YES;
				CLANG_ANALYZER_NUMBER_OBJECT_CONVERSION = YES_AGGRESSIVE;
				CLANG_CXX_LANGUAGE_STANDARD = "gnu++14";
				CLANG_CXX_LIBRARY = "libc++";
				CLANG_ENABLE_MODULES = YES;
				CLANG_ENABLE_OBJC_ARC = YES;
				CLANG_ENABLE_OBJC_WEAK = YES;
				CLANG_WARN_BLOCK_CAPTURE_AUTORELEASING = YES;
				CLANG_WARN_BOOL_CONVERSION = YES;
				CLANG_WARN_COMMA = YES;
				CLANG_WARN_CONSTANT_CONVERSION = YES;
				CLANG_WARN_DEPRECATED_OBJC_IMPLEMENTATIONS = YES;
				CLANG_WARN_DIRECT_OBJC_ISA_USAGE = YES_ERROR;
				CLANG_WARN_DOCUMENTATION_COMMENTS = YES;
				CLANG_WARN_EMPTY_BODY = YES;
				CLANG_WARN_ENUM_CONVERSION = YES;
				CLANG_WARN_INFINITE_RECURSION = YES;
				CLANG_WARN_INT_CONVERSION = YES;
				CLANG_WARN_NON_LITERAL_NULL_CONVERSION = YES;
				CLANG_WARN_OBJC_IMPLICIT_RETAIN_SELF = YES;
				CLANG_WARN_OBJC_LITERAL_CONVERSION = YES;
				CLANG_WARN_OBJC_ROOT_CLASS = YES_ERROR;
				CLANG_WARN_RANGE_LOOP_ANALYSIS = YES;
				CLANG_WARN_STRICT_PROTOTYPES = YES;
				CLANG_WARN_SUSPICIOUS_MOVE = YES;
				CLANG_WARN_UNGUARDED_AVAILABILITY = YES_AGGRESSIVE;
				CLANG_WARN_UNREACHABLE_CODE = YES;
				CLANG_WARN__DUPLICATE_METHOD_MATCH = YES;
				COPY_PHASE_STRIP = NO;
				DEBUG_INFORMATION_FORMAT = "dwarf-with-dsym";
				ENABLE_NS_ASSERTIONS = NO;
				ENABLE_STRICT_OBJC_MSGSEND = YES;
				GCC_C_LANGUAGE_STANDARD = gnu11;
				GCC_NO_COMMON_BLOCKS = YES;
				GCC_WARN_64_TO_32_BIT_CONVERSION = YES;
				GCC_WARN_ABOUT_RETURN_TYPE = YES_ERROR;
				GCC_WARN_UNDECLARED_SELECTOR = YES;
				GCC_WARN_UNINITIALIZED_AUTOS = YES_AGGRESSIVE;
				GCC_WARN_UNUSED_FUNCTION = YES;
				GCC_WARN_UNUSED_VARIABLE = YES;
				IPHONEOS_DEPLOYMENT_TARGET = 13.5;
				MTL_ENABLE_DEBUG_INFO = NO;
				MTL_FAST_MATH = YES;
				SDKROOT = iphoneos;
				VALIDATE_PRODUCT = YES;
			};
			name = Release;
		};
		4D2E1F8824BD952B007C5AD6 /* Debug */ = {
			isa = XCBuildConfiguration;
			baseConfigurationReference = 699DF7401E0476AA635BF966 /* Pods-FlutterMixProject.debug.xcconfig */;
			buildSettings = {
				ASSETCATALOG_COMPILER_APPICON_NAME = AppIcon;
				CODE_SIGN_STYLE = Automatic;
				DEVELOPMENT_TEAM = 39W3T8GR9Y;
				INFOPLIST_FILE = FlutterMixProject/Info.plist;
				LD_RUNPATH_SEARCH_PATHS = (
					"$(inherited)",
					"@executable_path/Frameworks",
				);
				PRODUCT_BUNDLE_IDENTIFIER = com.qihoo.FlutterMixProject;
				PRODUCT_NAME = "$(TARGET_NAME)";
				TARGETED_DEVICE_FAMILY = "1,2";
			};
			name = Debug;
		};
		4D2E1F8924BD952B007C5AD6 /* Release */ = {
			isa = XCBuildConfiguration;
			baseConfigurationReference = 14D0AD08A6334AD8FC371039 /* Pods-FlutterMixProject.release.xcconfig */;
			buildSettings = {
				ASSETCATALOG_COMPILER_APPICON_NAME = AppIcon;
				CODE_SIGN_STYLE = Automatic;
				DEVELOPMENT_TEAM = 39W3T8GR9Y;
				INFOPLIST_FILE = FlutterMixProject/Info.plist;
				LD_RUNPATH_SEARCH_PATHS = (
					"$(inherited)",
					"@executable_path/Frameworks",
				);
				PRODUCT_BUNDLE_IDENTIFIER = com.qihoo.FlutterMixProject;
				PRODUCT_NAME = "$(TARGET_NAME)";
				TARGETED_DEVICE_FAMILY = "1,2";
			};
			name = Release;
		};
/* End XCBuildConfiguration section */

/* Begin XCConfigurationList section */
		4D2E1F6924BD9528007C5AD6 /* Build configuration list for PBXProject "FlutterMixProject" */ = {
			isa = XCConfigurationList;
			buildConfigurations = (
				4D2E1F8524BD952B007C5AD6 /* Debug */,
				4D2E1F8624BD952B007C5AD6 /* Release */,
			);
			defaultConfigurationIsVisible = 0;
			defaultConfigurationName = Release;
		};
		4D2E1F8724BD952B007C5AD6 /* Build configuration list for PBXNativeTarget "FlutterMixProject" */ = {
			isa = XCConfigurationList;
			buildConfigurations = (
				4D2E1F8824BD952B007C5AD6 /* Debug */,
				4D2E1F8924BD952B007C5AD6 /* Release */,
			);
			defaultConfigurationIsVisible = 0;
			defaultConfigurationName = Release;
		};
/* End XCConfigurationList section */
	};
	rootObject = 4D2E1F6624BD9528007C5AD6 /* Project object */;
}
