// !$*UTF8*$!
{
	archiveVersion = 1;
	classes = {
	};
	objectVersion = 51;
	objects = {

/* Begin PBXBuildFile section */
		4D2E1F9724BD958A007C5AD6 /* AppDelegate.swift in Sources */ = {isa = PBXBuildFile; fileRef = 4D2E1F9624BD958A007C5AD6 /* AppDelegate.swift */; };
		4D2E1F9924BD958A007C5AD6 /* SceneDelegate.swift in Sources */ = {isa = PBXBuildFile; fileRef = 4D2E1F9824BD958A007C5AD6 /* SceneDelegate.swift */; };
		4D2E1F9B24BD958A007C5AD6 /* ViewController.swift in Sources */ = {isa = PBXBuildFile; fileRef = 4D2E1F9A24BD958A007C5AD6 /* ViewController.swift */; };
		4D2E1F9E24BD958A007C5AD6 /* Main.storyboard in Resources */ = {isa = PBXBuildFile; fileRef = 4D2E1F9C24BD958A007C5AD6 /* Main.storyboard */; };
		4D2E1FA024BD958C007C5AD6 /* Assets.xcassets in Resources */ = {isa = PBXBuildFile; fileRef = 4D2E1F9F24BD958C007C5AD6 /* Assets.xcassets */; };
		4D2E1FA324BD958C007C5AD6 /* LaunchScreen.storyboard in Resources */ = {isa = PBXBuildFile; fileRef = 4D2E1FA124BD958C007C5AD6 /* LaunchScreen.storyboard */; };
		700034505F33E3F73C95B08B /* libPods-FlutterMixProject-Swift.a in Frameworks */ = {isa = PBXBuildFile; fileRef = D99429622F2D306698A3C5DB /* libPods-FlutterMixProject-Swift.a */; };
/* End PBXBuildFile section */

/* Begin PBXFileReference section */
		065DA171FF7F5777F3F792E6 /* Pods-FlutterMixProject-Swift.debug.xcconfig */ = {isa = PBXFileReference; includeInIndex = 1; lastKnownFileType = text.xcconfig; name = "Pods-FlutterMixProject-Swift.debug.xcconfig"; path = "Target Support Files/Pods-FlutterMixProject-Swift/Pods-FlutterMixProject-Swift.debug.xcconfig"; sourceTree = "<group>"; };
		4D2E1F9324BD958A007C5AD6 /* FlutterMixProject-Swift.app */ = {isa = PBXFileReference; explicitFileType = wrapper.application; includeInIndex = 0; path = "FlutterMixProject-Swift.app"; sourceTree = BUILT_PRODUCTS_DIR; };
		4D2E1F9624BD958A007C5AD6 /* AppDelegate.swift */ = {isa = PBXFileReference; lastKnownFileType = sourcecode.swift; path = AppDelegate.swift; sourceTree = "<group>"; };
		4D2E1F9824BD958A007C5AD6 /* SceneDelegate.swift */ = {isa = PBXFileReference; lastKnownFileType = sourcecode.swift; path = SceneDelegate.swift; sourceTree = "<group>"; };
		4D2E1F9A24BD958A007C5AD6 /* ViewController.swift */ = {isa = PBXFileReference; lastKnownFileType = sourcecode.swift; path = ViewController.swift; sourceTree = "<group>"; };
		4D2E1F9D24BD958A007C5AD6 /* Base */ = {isa = PBXFileReference; lastKnownFileType = file.storyboard; name = Base; path = Base.lproj/Main.storyboard; sourceTree = "<group>"; };
		4D2E1F9F24BD958C007C5AD6 /* Assets.xcassets */ = {isa = PBXFileReference; lastKnownFileType = folder.assetcatalog; path = Assets.xcassets; sourceTree = "<group>"; };
		4D2E1FA224BD958C007C5AD6 /* Base */ = {isa = PBXFileReference; lastKnownFileType = file.storyboard; name = Base; path = Base.lproj/LaunchScreen.storyboard; sourceTree = "<group>"; };
		4D2E1FA424BD958C007C5AD6 /* Info.plist */ = {isa = PBXFileReference; lastKnownFileType = text.plist.xml; path = Info.plist; sourceTree = "<group>"; };
		4D2E1FAA24BD9A43007C5AD6 /* README.md */ = {isa = PBXFileReference; lastKnownFileType = net.daringfireball.markdown; path = README.md; sourceTree = "<group>"; };
		B66F44146E927180A0B6DF5A /* Pods-FlutterMixProject-Swift.release.xcconfig */ = {isa = PBXFileReference; includeInIndex = 1; lastKnownFileType = text.xcconfig; name = "Pods-FlutterMixProject-Swift.release.xcconfig"; path = "Target Support Files/Pods-FlutterMixProject-Swift/Pods-FlutterMixProject-Swift.release.xcconfig"; sourceTree = "<group>"; };
		D99429622F2D306698A3C5DB /* libPods-FlutterMixProject-Swift.a */ = {isa = PBXFileReference; explicitFileType = archive.ar; includeInIndex = 0; path = "libPods-FlutterMixProject-Swift.a"; sourceTree = BUILT_PRODUCTS_DIR; };
/* End PBXFileReference section */

/* Begin PBXFrameworksBuildPhase section */
		4D2E1F9024BD958A007C5AD6 /* Frameworks */ = {
			isa = PBXFrameworksBuildPhase;
			buildActionMask = 2147483647;
			files = (
				700034505F33E3F73C95B08B /* libPods-FlutterMixProject-Swift.a in Frameworks */,
			);
			runOnlyForDeploymentPostprocessing = 0;
		};
/* End PBXFrameworksBuildPhase section */

/* Begin PBXGroup section */
		4D2E1F8A24BD958A007C5AD6 = {
			isa = PBXGroup;
			children = (
				4D2E1F9524BD958A007C5AD6 /* FlutterMixProject-Swift */,
				4D2E1F9424BD958A007C5AD6 /* Products */,
				CDB5A67206359066073968E7 /* Pods */,
				DDB73BA1A8F8540D5C7017B0 /* Frameworks */,
			);
			sourceTree = "<group>";
		};
		4D2E1F9424BD958A007C5AD6 /* Products */ = {
			isa = PBXGroup;
			children = (
				4D2E1F9324BD958A007C5AD6 /* FlutterMixProject-Swift.app */,
			);
			name = Products;
			sourceTree = "<group>";
		};
		4D2E1F9524BD958A007C5AD6 /* FlutterMixProject-Swift */ = {
			isa = PBXGroup;
			children = (
				4D2E1F9624BD958A007C5AD6 /* AppDelegate.swift */,
				4D2E1F9824BD958A007C5AD6 /* SceneDelegate.swift */,
				4D2E1F9A24BD958A007C5AD6 /* ViewController.swift */,
				4D2E1F9C24BD958A007C5AD6 /* Main.storyboard */,
				4D2E1F9F24BD958C007C5AD6 /* Assets.xcassets */,
				4D2E1FA124BD958C007C5AD6 /* LaunchScreen.storyboard */,
				4D2E1FA424BD958C007C5AD6 /* Info.plist */,
				4D2E1FAA24BD9A43007C5AD6 /* README.md */,
			);
			path = "FlutterMixProject-Swift";
			sourceTree = "<group>";
		};
		CDB5A67206359066073968E7 /* Pods */ = {
			isa = PBXGroup;
			children = (
				065DA171FF7F5777F3F792E6 /* Pods-FlutterMixProject-Swift.debug.xcconfig */,
				B66F44146E927180A0B6DF5A /* Pods-FlutterMixProject-Swift.release.xcconfig */,
			);
			path = Pods;
			sourceTree = "<group>";
		};
		DDB73BA1A8F8540D5C7017B0 /* Frameworks */ = {
			isa = PBXGroup;
			children = (
				D99429622F2D306698A3C5DB /* libPods-FlutterMixProject-Swift.a */,
			);
			name = Frameworks;
			sourceTree = "<group>";
		};
/* End PBXGroup section */

/* Begin PBXNativeTarget section */
		4D2E1F9224BD958A007C5AD6 /* FlutterMixProject-Swift */ = {
			isa = PBXNativeTarget;
			buildConfigurationList = 4D2E1FA724BD958C007C5AD6 /* Build configuration list for PBXNativeTarget "FlutterMixProject-Swift" */;
			buildPhases = (
				BFADE7D15F6DA097843F7C96 /* [CP] Check Pods Manifest.lock */,
				E515653096F3C451D459295D /* [CP-User] Run Flutter Build Script */,
				4D2E1F8F24BD958A007C5AD6 /* Sources */,
				4D2E1F9024BD958A007C5AD6 /* Frameworks */,
				4D2E1F9124BD958A007C5AD6 /* Resources */,
				F7FCBE5D096F627676EBEB1D /* [CP] Embed Pods Frameworks */,
			);
			buildRules = (
			);
			dependencies = (
			);
			name = "FlutterMixProject-Swift";
			productName = "FlutterMixProject-Swift";
			productReference = 4D2E1F9324BD958A007C5AD6 /* FlutterMixProject-Swift.app */;
			productType = "com.apple.product-type.application";
		};
/* End PBXNativeTarget section */

/* Begin PBXProject section */
		4D2E1F8B24BD958A007C5AD6 /* Project object */ = {
			isa = PBXProject;
			attributes = {
				LastSwiftUpdateCheck = 1150;
				LastUpgradeCheck = 1150;
				ORGANIZATIONNAME = qihoo;
				TargetAttributes = {
					4D2E1F9224BD958A007C5AD6 = {
						CreatedOnToolsVersion = 11.5;
					};
				};
			};
			buildConfigurationList = 4D2E1F8E24BD958A007C5AD6 /* Build configuration list for PBXProject "FlutterMixProject-Swift" */;
			compatibilityVersion = "Xcode 9.3";
			developmentRegion = en;
			hasScannedForEncodings = 0;
			knownRegions = (
				en,
				Base,
			);
			mainGroup = 4D2E1F8A24BD958A007C5AD6;
			productRefGroup = 4D2E1F9424BD958A007C5AD6 /* Products */;
			projectDirPath = "";
			projectRoot = "";
			targets = (
				4D2E1F9224BD958A007C5AD6 /* FlutterMixProject-Swift */,
			);
		};
/* End PBXProject section */

/* Begin PBXResourcesBuildPhase section */
		4D2E1F9124BD958A007C5AD6 /* Resources */ = {
			isa = PBXResourcesBuildPhase;
			buildActionMask = 2147483647;
			files = (
				4D2E1FA324BD958C007C5AD6 /* LaunchScreen.storyboard in Resources */,
				4D2E1FA024BD958C007C5AD6 /* Assets.xcassets in Resources */,
				4D2E1F9E24BD958A007C5AD6 /* Main.storyboard in Resources */,
			);
			runOnlyForDeploymentPostprocessing = 0;
		};
/* End PBXResourcesBuildPhase section */

/* Begin PBXShellScriptBuildPhase section */
		BFADE7D15F6DA097843F7C96 /* [CP] Check Pods Manifest.lock */ = {
			isa = PBXShellScriptBuildPhase;
			buildActionMask = 2147483647;
			files = (
			);
			inputFileListPaths = (
			);
			inputPaths = (
				"${PODS_PODFILE_DIR_PATH}/Podfile.lock",
				"${PODS_ROOT}/Manifest.lock",
			);
			name = "[CP] Check Pods Manifest.lock";
			outputFileListPaths = (
			);
			outputPaths = (
				"$(DERIVED_FILE_DIR)/Pods-FlutterMixProject-Swift-checkManifestLockResult.txt",
			);
			runOnlyForDeploymentPostprocessing = 0;
			shellPath = /bin/sh;
			shellScript = "diff \"${PODS_PODFILE_DIR_PATH}/Podfile.lock\" \"${PODS_ROOT}/Manifest.lock\" > /dev/null\nif [ $? != 0 ] ; then\n    # print error to STDERR\n    echo \"error: The sandbox is not in sync with the Podfile.lock. Run 'pod install' or update your CocoaPods installation.\" >&2\n    exit 1\nfi\n# This output is used by Xcode 'outputs' to avoid re-running this script phase.\necho \"SUCCESS\" > \"${SCRIPT_OUTPUT_FILE_0}\"\n";
			showEnvVarsInLog = 0;
		};
		E515653096F3C451D459295D /* [CP-User] Run Flutter Build Script */ = {
			isa = PBXShellScriptBuildPhase;
			buildActionMask = 2147483647;
			files = (
			);
			inputPaths = (
				"${SRCROOT}/../flutter_module/.metadata",
				"${SRCROOT}/../flutter_module/.ios/Flutter/App.framework/App",
				"${SRCROOT}/../flutter_module/.ios/Flutter/engine/Flutter.framework/Flutter",
				"${SRCROOT}/../flutter_module/.ios/Flutter/flutter_export_environment.sh",
			);
			name = "[CP-User] Run Flutter Build Script";
			runOnlyForDeploymentPostprocessing = 0;
			shellPath = /bin/sh;
			shellScript = "set -e\nset -u\nsource \"${SRCROOT}/../flutter_module/.ios/Flutter/flutter_export_environment.sh\"\n\"$FLUTTER_ROOT\"/packages/flutter_tools/bin/xcode_backend.sh build";
		};
		F7FCBE5D096F627676EBEB1D /* [CP] Embed Pods Frameworks */ = {
			isa = PBXShellScriptBuildPhase;
			buildActionMask = 2147483647;
			files = (
			);
			inputFileListPaths = (
				"${PODS_ROOT}/Target Support Files/Pods-FlutterMixProject-Swift/Pods-FlutterMixProject-Swift-frameworks-${CONFIGURATION}-input-files.xcfilelist",
			);
			name = "[CP] Embed Pods Frameworks";
			outputFileListPaths = (
				"${PODS_ROOT}/Target Support Files/Pods-FlutterMixProject-Swift/Pods-FlutterMixProject-Swift-frameworks-${CONFIGURATION}-output-files.xcfilelist",
			);
			runOnlyForDeploymentPostprocessing = 0;
			shellPath = /bin/sh;
			shellScript = "\"${PODS_ROOT}/Target Support Files/Pods-FlutterMixProject-Swift/Pods-FlutterMixProject-Swift-frameworks.sh\"\n";
			showEnvVarsInLog = 0;
		};
/* End PBXShellScriptBuildPhase section */

/* Begin PBXSourcesBuildPhase section */
		4D2E1F8F24BD958A007C5AD6 /* Sources */ = {
			isa = PBXSourcesBuildPhase;
			buildActionMask = 2147483647;
			files = (
				4D2E1F9B24BD958A007C5AD6 /* ViewController.swift in Sources */,
				4D2E1F9724BD958A007C5AD6 /* AppDelegate.swift in Sources */,
				4D2E1F9924BD958A007C5AD6 /* SceneDelegate.swift in Sources */,
			);
			runOnlyForDeploymentPostprocessing = 0;
		};
/* End PBXSourcesBuildPhase section */

/* Begin PBXVariantGroup section */
		4D2E1F9C24BD958A007C5AD6 /* Main.storyboard */ = {
			isa = PBXVariantGroup;
			children = (
				4D2E1F9D24BD958A007C5AD6 /* Base */,
			);
			name = Main.storyboard;
			sourceTree = "<group>";
		};
		4D2E1FA124BD958C007C5AD6 /* LaunchScreen.storyboard */ = {
			isa = PBXVariantGroup;
			children = (
				4D2E1FA224BD958C007C5AD6 /* Base */,
			);
			name = LaunchScreen.storyboard;
			sourceTree = "<group>";
		};
/* End PBXVariantGroup section */

/* Begin XCBuildConfiguration section */
		4D2E1FA524BD958C007C5AD6 /* Debug */ = {
			isa = XCBuildConfiguration;
			buildSettings = {
				ALWAYS_SEARCH_USER_PATHS = NO;
				CLANG_ANALYZER_NONNULL = YES;
				CLANG_ANALYZER_NUMBER_OBJECT_CONVERSION = YES_AGGRESSIVE;
				CLANG_CXX_LANGUAGE_STANDARD = "gnu++14";
				CLANG_CXX_LIBRARY = "libc++";
				CLANG_ENABLE_MODULES = YES;
				CLANG_ENABLE_OBJC_ARC = YES;
				CLANG_ENABLE_OBJC_WEAK = YES;
				CLANG_WARN_BLOCK_CAPTURE_AUTORELEASING = YES;
				CLANG_WARN_BOOL_CONVERSION = YES;
				CLANG_WARN_COMMA = YES;
				CLANG_WARN_CONSTANT_CONVERSION = YES;
				CLANG_WARN_DEPRECATED_OBJC_IMPLEMENTATIONS = YES;
				CLANG_WARN_DIRECT_OBJC_ISA_USAGE = YES_ERROR;
				CLANG_WARN_DOCUMENTATION_COMMENTS = YES;
				CLANG_WARN_EMPTY_BODY = YES;
				CLANG_WARN_ENUM_CONVERSION = YES;
				CLANG_WARN_INFINITE_RECURSION = YES;
				CLANG_WARN_INT_CONVERSION = YES;
				CLANG_WARN_NON_LITERAL_NULL_CONVERSION = YES;
				CLANG_WARN_OBJC_IMPLICIT_RETAIN_SELF = YES;
				CLANG_WARN_OBJC_LITERAL_CONVERSION = YES;
				CLANG_WARN_OBJC_ROOT_CLASS = YES_ERROR;
				CLANG_WARN_RANGE_LOOP_ANALYSIS = YES;
				CLANG_WARN_STRICT_PROTOTYPES = YES;
				CLANG_WARN_SUSPICIOUS_MOVE = YES;
				CLANG_WARN_UNGUARDED_AVAILABILITY = YES_AGGRESSIVE;
				CLANG_WARN_UNREACHABLE_CODE = YES;
				CLANG_WARN__DUPLICATE_METHOD_MATCH = YES;
				COPY_PHASE_STRIP = NO;
				DEBUG_INFORMATION_FORMAT = dwarf;
				ENABLE_STRICT_OBJC_MSGSEND = YES;
				ENABLE_TESTABILITY = YES;
				GCC_C_LANGUAGE_STANDARD = gnu11;
				GCC_DYNAMIC_NO_PIC = NO;
				GCC_NO_COMMON_BLOCKS = YES;
				GCC_OPTIMIZATION_LEVEL = 0;
				GCC_PREPROCESSOR_DEFINITIONS = (
					"DEBUG=1",
					"$(inherited)",
				);
				GCC_WARN_64_TO_32_BIT_CONVERSION = YES;
				GCC_WARN_ABOUT_RETURN_TYPE = YES_ERROR;
				GCC_WARN_UNDECLARED_SELECTOR = YES;
				GCC_WARN_UNINITIALIZED_AUTOS = YES_AGGRESSIVE;
				GCC_WARN_UNUSED_FUNCTION = YES;
				GCC_WARN_UNUSED_VARIABLE = YES;
				IPHONEOS_DEPLOYMENT_TARGET = 13.5;
				MTL_ENABLE_DEBUG_INFO = INCLUDE_SOURCE;
				MTL_FAST_MATH = YES;
				ONLY_ACTIVE_ARCH = YES;
				SDKROOT = iphoneos;
				SWIFT_ACTIVE_COMPILATION_CONDITIONS = DEBUG;
				SWIFT_OPTIMIZATION_LEVEL = "-Onone";
			};
			name = Debug;
		};
		4D2E1FA624BD958C007C5AD6 /* Release */ = {
			isa = XCBuildConfiguration;
			buildSettings = {
				ALWAYS_SEARCH_USER_PATHS = NO;
				CLANG_ANALYZER_NONNULL = YES;
				CLANG_ANALYZER_NUMBER_OBJECT_CONVERSION = YES_AGGRESSIVE;
				CLANG_CXX_LANGUAGE_STANDARD = "gnu++14";
				CLANG_CXX_LIBRARY = "libc++";
				CLANG_ENABLE_MODULES = YES;
				CLANG_ENABLE_OBJC_ARC = YES;
				CLANG_ENABLE_OBJC_WEAK = YES;
				CLANG_WARN_BLOCK_CAPTURE_AUTORELEASING = YES;
				CLANG_WARN_BOOL_CONVERSION = YES;
				CLANG_WARN_COMMA = YES;
				CLANG_WARN_CONSTANT_CONVERSION = YES;
				CLANG_WARN_DEPRECATED_OBJC_IMPLEMENTATIONS = YES;
				CLANG_WARN_DIRECT_OBJC_ISA_USAGE = YES_ERROR;
				CLANG_WARN_DOCUMENTATION_COMMENTS = YES;
				CLANG_WARN_EMPTY_BODY = YES;
				CLANG_WARN_ENUM_CONVERSION = YES;
				CLANG_WARN_INFINITE_RECURSION = YES;
				CLANG_WARN_INT_CONVERSION = YES;
				CLANG_WARN_NON_LITERAL_NULL_CONVERSION = YES;
				CLANG_WARN_OBJC_IMPLICIT_RETAIN_SELF = YES;
				CLANG_WARN_OBJC_LITERAL_CONVERSION = YES;
				CLANG_WARN_OBJC_ROOT_CLASS = YES_ERROR;
				CLANG_WARN_RANGE_LOOP_ANALYSIS = YES;
				CLANG_WARN_STRICT_PROTOTYPES = YES;
				CLANG_WARN_SUSPICIOUS_MOVE = YES;
				CLANG_WARN_UNGUARDED_AVAILABILITY = YES_AGGRESSIVE;
				CLANG_WARN_UNREACHABLE_CODE = YES;
				CLANG_WARN__DUPLICATE_METHOD_MATCH = YES;
				COPY_PHASE_STRIP = NO;
				DEBUG_INFORMATION_FORMAT = "dwarf-with-dsym";
				ENABLE_NS_ASSERTIONS = NO;
				ENABLE_STRICT_OBJC_MSGSEND = YES;
				GCC_C_LANGUAGE_STANDARD = gnu11;
				GCC_NO_COMMON_BLOCKS = YES;
				GCC_WARN_64_TO_32_BIT_CONVERSION = YES;
				GCC_WARN_ABOUT_RETURN_TYPE = YES_ERROR;
				GCC_WARN_UNDECLARED_SELECTOR = YES;
				GCC_WARN_UNINITIALIZED_AUTOS = YES_AGGRESSIVE;
				GCC_WARN_UNUSED_FUNCTION = YES;
				GCC_WARN_UNUSED_VARIABLE = YES;
				IPHONEOS_DEPLOYMENT_TARGET = 13.5;
				MTL_ENABLE_DEBUG_INFO = NO;
				MTL_FAST_MATH = YES;
				SDKROOT = iphoneos;
				SWIFT_COMPILATION_MODE = wholemodule;
				SWIFT_OPTIMIZATION_LEVEL = "-O";
				VALIDATE_PRODUCT = YES;
			};
			name = Release;
		};
		4D2E1FA824BD958C007C5AD6 /* Debug */ = {
			isa = XCBuildConfiguration;
			baseConfigurationReference = 065DA171FF7F5777F3F792E6 /* Pods-FlutterMixProject-Swift.debug.xcconfig */;
			buildSettings = {
				ASSETCATALOG_COMPILER_APPICON_NAME = AppIcon;
				CODE_SIGN_STYLE = Automatic;
				DEVELOPMENT_TEAM = 39W3T8GR9Y;
				INFOPLIST_FILE = "FlutterMixProject-Swift/Info.plist";
				LD_RUNPATH_SEARCH_PATHS = (
					"$(inherited)",
					"@executable_path/Frameworks",
				);
				PRODUCT_BUNDLE_IDENTIFIER = "com.qihoo.FlutterMixProject-Swift";
				PRODUCT_NAME = "$(TARGET_NAME)";
				SWIFT_VERSION = 5.0;
				TARGETED_DEVICE_FAMILY = "1,2";
			};
			name = Debug;
		};
		4D2E1FA924BD958C007C5AD6 /* Release */ = {
			isa = XCBuildConfiguration;
			baseConfigurationReference = B66F44146E927180A0B6DF5A /* Pods-FlutterMixProject-Swift.release.xcconfig */;
			buildSettings = {
				ASSETCATALOG_COMPILER_APPICON_NAME = AppIcon;
				CODE_SIGN_STYLE = Automatic;
				DEVELOPMENT_TEAM = 39W3T8GR9Y;
				INFOPLIST_FILE = "FlutterMixProject-Swift/Info.plist";
				LD_RUNPATH_SEARCH_PATHS = (
					"$(inherited)",
					"@executable_path/Frameworks",
				);
				PRODUCT_BUNDLE_IDENTIFIER = "com.qihoo.FlutterMixProject-Swift";
				PRODUCT_NAME = "$(TARGET_NAME)";
				SWIFT_VERSION = 5.0;
				TARGETED_DEVICE_FAMILY = "1,2";
			};
			name = Release;
		};
/* End XCBuildConfiguration section */

/* Begin XCConfigurationList section */
		4D2E1F8E24BD958A007C5AD6 /* Build configuration list for PBXProject "FlutterMixProject-Swift" */ = {
			isa = XCConfigurationList;
			buildConfigurations = (
				4D2E1FA524BD958C007C5AD6 /* Debug */,
				4D2E1FA624BD958C007C5AD6 /* Release */,
			);
			defaultConfigurationIsVisible = 0;
			defaultConfigurationName = Release;
		};
		4D2E1FA724BD958C007C5AD6 /* Build configuration list for PBXNativeTarget "FlutterMixProject-Swift" */ = {
			isa = XCConfigurationList;
			buildConfigurations = (
				4D2E1FA824BD958C007C5AD6 /* Debug */,
				4D2E1FA924BD958C007C5AD6 /* Release */,
			);
			defaultConfigurationIsVisible = 0;
			defaultConfigurationName = Release;
		};
/* End XCConfigurationList section */
	};
	rootObject = 4D2E1F8B24BD958A007C5AD6 /* Project object */;
}
